
Microsoft Visual Studio Solution File, Format Version 12.00
# Visual Studio Version 17
VisualStudioVersion = 17.0.31919.166
MinimumVisualStudioVersion = 10.0.40219.1
Project("{FAE04EC0-301F-11D3-BF4B-00C04F79EFBC}") = "oddecho", "oddecho\oddecho.csproj", "{A3FE4B80-268A-4572-B2B5-532350A76E3A}"
EndProject
Global
	GlobalSection(SolutionConfigurationPlatforms) = preSolution
		Debug|Any CPU = Debug|Any CPU
		Release|Any CPU = Release|Any CPU
	EndGlobalSection
	GlobalSection(ProjectConfigurationPlatforms) = postSolution
		{A3FE4B80-268A-4572-B2B5-532350A76E3A}.Debug|Any CPU.ActiveCfg = Debug|Any CPU
		{A3FE4B80-268A-4572-B2B5-532350A76E3A}.Debug|Any CPU.Build.0 = Debug|Any CPU
		{A3FE4B80-268A-4572-B2B5-532350A76E3A}.Release|Any CPU.ActiveCfg = Release|Any CPU
		{A3FE4B80-268A-4572-B2B5-532350A76E3A}.Release|Any CPU.Build.0 = Release|Any CPU
	EndGlobalSection
	GlobalSection(SolutionProperties) = preSolution
		HideSolutionNode = FALSE
	EndGlobalSection
	GlobalSection(ExtensibilityGlobals) = postSolution
		SolutionGuid = {F181A000-2609-4251-9FC6-1F56AE549B91}
	EndGlobalSection
EndGlobal
