
Microsoft Visual Studio Solution File, Format Version 12.00
# Visual Studio Version 17
VisualStudioVersion = 17.0.31919.166
MinimumVisualStudioVersion = 10.0.40219.1
Project("{FAE04EC0-301F-11D3-BF4B-00C04F79EFBC}") = "autori", "autori\autori.csproj", "{C9AF5A47-6A47-4216-BE25-8CBC79185520}"
EndProject
Global
	GlobalSection(SolutionConfigurationPlatforms) = preSolution
		Debug|Any CPU = Debug|Any CPU
		Release|Any CPU = Release|Any CPU
	EndGlobalSection
	GlobalSection(ProjectConfigurationPlatforms) = postSolution
		{C9AF5A47-6A47-4216-BE25-8CBC79185520}.Debug|Any CPU.ActiveCfg = Debug|Any CPU
		{C9AF5A47-6A47-4216-BE25-8CBC79185520}.Debug|Any CPU.Build.0 = Debug|Any CPU
		{C9AF5A47-6A47-4216-BE25-8CBC79185520}.Release|Any CPU.ActiveCfg = Release|Any CPU
		{C9AF5A47-6A47-4216-BE25-8CBC79185520}.Release|Any CPU.Build.0 = Release|Any CPU
	EndGlobalSection
	GlobalSection(SolutionProperties) = preSolution
		HideSolutionNode = FALSE
	EndGlobalSection
	GlobalSection(ExtensibilityGlobals) = postSolution
		SolutionGuid = {130BFF95-3B26-4170-BD45-6D78F750231B}
	EndGlobalSection
EndGlobal
